// !$*UTF8*$!
{
	archiveVersion = 1;
	classes = {
	};
	objectVersion = 46;
	objects = {

/* Begin PBXBuildFile section */
		4B8E70FF44EA490FF56A7410 /* libPods-IosClient.a in Frameworks */ = {isa = PBXBuildFile; fileRef = 9A4B9F4B213CC4574483F1D6 /* libPods-IosClient.a */; };
		6FBFF61A1E3F724100502924 /* main.m in Sources */ = {isa = PBXBuildFile; fileRef = 6FBFF6191E3F724100502924 /* main.m */; };
		6FBFF61D1E3F724100502924 /* AppDelegate.m in Sources */ = {isa = PBXBuildFile; fileRef = 6FBFF61C1E3F724100502924 /* AppDelegate.m */; };
		6FBFF6201E3F724100502924 /* ViewController.m in Sources */ = {isa = PBXBuildFile; fileRef = 6FBFF61F1E3F724100502924 /* ViewController.m */; };
		6FBFF6231E3F724100502924 /* Main.storyboard in Resources */ = {isa = PBXBuildFile; fileRef = 6FBFF6211E3F724100502924 /* Main.storyboard */; };
		6FBFF6251E3F724100502924 /* Assets.xcassets in Resources */ = {isa = PBXBuildFile; fileRef = 6FBFF6241E3F724100502924 /* Assets.xcassets */; };
		6FBFF6281E3F724100502924 /* LaunchScreen.storyboard in Resources */ = {isa = PBXBuildFile; fileRef = 6FBFF6261E3F724100502924 /* LaunchScreen.storyboard */; };
/* End PBXBuildFile section */

/* Begin PBXFileReference section */
		5454825B904CD05DB1D2B870 /* Pods-IosClient.debug.xcconfig */ = {isa = PBXFileReference; includeInIndex = 1; lastKnownFileType = text.xcconfig; name = "Pods-IosClient.debug.xcconfig"; path = "Pods/Target Support Files/Pods-IosClient/Pods-IosClient.debug.xcconfig"; sourceTree = "<group>"; };
		6FBFF6151E3F724100502924 /* IosClient.app */ = {isa = PBXFileReference; explicitFileType = wrapper.application; includeInIndex = 0; path = IosClient.app; sourceTree = BUILT_PRODUCTS_DIR; };
		6FBFF6191E3F724100502924 /* main.m */ = {isa = PBXFileReference; lastKnownFileType = sourcecode.c.objc; path = main.m; sourceTree = "<group>"; };
		6FBFF61B1E3F724100502924 /* AppDelegate.h */ = {isa = PBXFileReference; lastKnownFileType = sourcecode.c.h; path = AppDelegate.h; sourceTree = "<group>"; };
		6FBFF61C1E3F724100502924 /* AppDelegate.m */ = {isa = PBXFileReference; lastKnownFileType = sourcecode.c.objc; path = AppDelegate.m; sourceTree = "<group>"; };
		6FBFF61E1E3F724100502924 /* ViewController.h */ = {isa = PBXFileReference; lastKnownFileType = sourcecode.c.h; path = ViewController.h; sourceTree = "<group>"; };
		6FBFF61F1E3F724100502924 /* ViewController.m */ = {isa = PBXFileReference; lastKnownFileType = sourcecode.c.objc; path = ViewController.m; sourceTree = "<group>"; };
		6FBFF6221E3F724100502924 /* Base */ = {isa = PBXFileReference; lastKnownFileType = file.storyboard; name = Base; path = Base.lproj/Main.storyboard; sourceTree = "<group>"; };
		6FBFF6241E3F724100502924 /* Assets.xcassets */ = {isa = PBXFileReference; lastKnownFileType = folder.assetcatalog; path = Assets.xcassets; sourceTree = "<group>"; };
		6FBFF6271E3F724100502924 /* Base */ = {isa = PBXFileReference; lastKnownFileType = file.storyboard; name = Base; path = Base.lproj/LaunchScreen.storyboard; sourceTree = "<group>"; };
		6FBFF6291E3F724100502924 /* Info.plist */ = {isa = PBXFileReference; lastKnownFileType = text.plist.xml; path = Info.plist; sourceTree = "<group>"; };
		9A4B9F4B213CC4574483F1D6 /* libPods-IosClient.a */ = {isa = PBXFileReference; explicitFileType = archive.ar; includeInIndex = 0; path = "libPods-IosClient.a"; sourceTree = BUILT_PRODUCTS_DIR; };
		B52F73AAA6FF0FF2C6D9B5DA /* Pods-IosClient.release.xcconfig */ = {isa = PBXFileReference; includeInIndex = 1; lastKnownFileType = text.xcconfig; name = "Pods-IosClient.release.xcconfig"; path = "Pods/Target Support Files/Pods-IosClient/Pods-IosClient.release.xcconfig"; sourceTree = "<group>"; };
/* End PBXFileReference section */

/* Begin PBXFrameworksBuildPhase section */
		6FBFF6121E3F724100502924 /* Frameworks */ = {
			isa = PBXFrameworksBuildPhase;
			buildActionMask = 2147483647;
			files = (
				4B8E70FF44EA490FF56A7410 /* libPods-IosClient.a in Frameworks */,
			);
			runOnlyForDeploymentPostprocessing = 0;
		};
/* End PBXFrameworksBuildPhase section */

/* Begin PBXGroup section */
		3C16C3CD468E79B1C6A45057 /* Pods */ = {
			isa = PBXGroup;
			children = (
				5454825B904CD05DB1D2B870 /* Pods-IosClient.debug.xcconfig */,
				B52F73AAA6FF0FF2C6D9B5DA /* Pods-IosClient.release.xcconfig */,
			);
			name = Pods;
			sourceTree = "<group>";
		};
		6FBFF60C1E3F724100502924 = {
			isa = PBXGroup;
			children = (
				6FBFF6171E3F724100502924 /* IosClient */,
				6FBFF6161E3F724100502924 /* Products */,
				3C16C3CD468E79B1C6A45057 /* Pods */,
				BDA32E59BD8F64AAA625EA8B /* Frameworks */,
			);
			sourceTree = "<group>";
		};
		6FBFF6161E3F724100502924 /* Products */ = {
			isa = PBXGroup;
			children = (
				6FBFF6151E3F724100502924 /* IosClient.app */,
			);
			name = Products;
			sourceTree = "<group>";
		};
		6FBFF6171E3F724100502924 /* IosClient */ = {
			isa = PBXGroup;
			children = (
				6FBFF61B1E3F724100502924 /* AppDelegate.h */,
				6FBFF61C1E3F724100502924 /* AppDelegate.m */,
				6FBFF61E1E3F724100502924 /* ViewController.h */,
				6FBFF61F1E3F724100502924 /* ViewController.m */,
				6FBFF6211E3F724100502924 /* Main.storyboard */,
				6FBFF6241E3F724100502924 /* Assets.xcassets */,
				6FBFF6261E3F724100502924 /* LaunchScreen.storyboard */,
				6FBFF6291E3F724100502924 /* Info.plist */,
				6FBFF6181E3F724100502924 /* Supporting Files */,
			);
			path = IosClient;
			sourceTree = "<group>";
		};
		6FBFF6181E3F724100502924 /* Supporting Files */ = {
			isa = PBXGroup;
			children = (
				6FBFF6191E3F724100502924 /* main.m */,
			);
			name = "Supporting Files";
			sourceTree = "<group>";
		};
		BDA32E59BD8F64AAA625EA8B /* Frameworks */ = {
			isa = PBXGroup;
			children = (
				9A4B9F4B213CC4574483F1D6 /* libPods-IosClient.a */,
			);
			name = Frameworks;
			sourceTree = "<group>";
		};
/* End PBXGroup section */

/* Begin PBXNativeTarget section */
		6FBFF6141E3F724100502924 /* IosClient */ = {
			isa = PBXNativeTarget;
			buildConfigurationList = 6FBFF62C1E3F724100502924 /* Build configuration list for PBXNativeTarget "IosClient" */;
			buildPhases = (
				E5E1E00EAAF8B4EC82B78EB0 /* [CP] Check Pods Manifest.lock */,
				6FBFF6111E3F724100502924 /* Sources */,
				6FBFF6121E3F724100502924 /* Frameworks */,
				6FBFF6131E3F724100502924 /* Resources */,
				2A66591410688DFE1922BBFC /* [CP] Embed Pods Frameworks */,
				625D70023024E291144845CD /* [CP] Copy Pods Resources */,
			);
			buildRules = (
			);
			dependencies = (
			);
			name = IosClient;
			productName = IosClient;
			productReference = 6FBFF6151E3F724100502924 /* IosClient.app */;
			productType = "com.apple.product-type.application";
		};
/* End PBXNativeTarget section */

/* Begin PBXProject section */
		6FBFF60D1E3F724100502924 /* Project object */ = {
			isa = PBXProject;
			attributes = {
				LastUpgradeCheck = 0820;
				ORGANIZATIONNAME = YoungsooHan;
				TargetAttributes = {
					6FBFF6141E3F724100502924 = {
						CreatedOnToolsVersion = 8.2.1;
						ProvisioningStyle = Automatic;
					};
				};
			};
			buildConfigurationList = 6FBFF6101E3F724100502924 /* Build configuration list for PBXProject "IosClient" */;
			compatibilityVersion = "Xcode 3.2";
			developmentRegion = English;
			hasScannedForEncodings = 0;
			knownRegions = (
				en,
				Base,
			);
			mainGroup = 6FBFF60C1E3F724100502924;
			productRefGroup = 6FBFF6161E3F724100502924 /* Products */;
			projectDirPath = "";
			projectRoot = "";
			targets = (
				6FBFF6141E3F724100502924 /* IosClient */,
			);
		};
/* End PBXProject section */

/* Begin PBXResourcesBuildPhase section */
		6FBFF6131E3F724100502924 /* Resources */ = {
			isa = PBXResourcesBuildPhase;
			buildActionMask = 2147483647;
			files = (
				6FBFF6281E3F724100502924 /* LaunchScreen.storyboard in Resources */,
				6FBFF6251E3F724100502924 /* Assets.xcassets in Resources */,
				6FBFF6231E3F724100502924 /* Main.storyboard in Resources */,
			);
			runOnlyForDeploymentPostprocessing = 0;
		};
/* End PBXResourcesBuildPhase section */

/* Begin PBXShellScriptBuildPhase section */
		2A66591410688DFE1922BBFC /* [CP] Embed Pods Frameworks */ = {
			isa = PBXShellScriptBuildPhase;
			buildActionMask = 2147483647;
			files = (
			);
			inputPaths = (
			);
			name = "[CP] Embed Pods Frameworks";
			outputPaths = (
			);
			runOnlyForDeploymentPostprocessing = 0;
			shellPath = /bin/sh;
			shellScript = "\"${SRCROOT}/Pods/Target Support Files/Pods-IosClient/Pods-IosClient-frameworks.sh\"\n";
			showEnvVarsInLog = 0;
		};
		625D70023024E291144845CD /* [CP] Copy Pods Resources */ = {
			isa = PBXShellScriptBuildPhase;
			buildActionMask = 2147483647;
			files = (
			);
			inputPaths = (
			);
			name = "[CP] Copy Pods Resources";
			outputPaths = (
			);
			runOnlyForDeploymentPostprocessing = 0;
			shellPath = /bin/sh;
			shellScript = "\"${SRCROOT}/Pods/Target Support Files/Pods-IosClient/Pods-IosClient-resources.sh\"\n";
			showEnvVarsInLog = 0;
		};
		E5E1E00EAAF8B4EC82B78EB0 /* [CP] Check Pods Manifest.lock */ = {
			isa = PBXShellScriptBuildPhase;
			buildActionMask = 2147483647;
			files = (
			);
			inputPaths = (
			);
			name = "[CP] Check Pods Manifest.lock";
			outputPaths = (
			);
			runOnlyForDeploymentPostprocessing = 0;
			shellPath = /bin/sh;
			shellScript = "diff \"${PODS_ROOT}/../Podfile.lock\" \"${PODS_ROOT}/Manifest.lock\" > /dev/null\nif [ $? != 0 ] ; then\n    # print error to STDERR\n    echo \"error: The sandbox is not in sync with the Podfile.lock. Run 'pod install' or update your CocoaPods installation.\" >&2\n    exit 1\nfi\n";
			showEnvVarsInLog = 0;
		};
/* End PBXShellScriptBuildPhase section */

/* Begin PBXSourcesBuildPhase section */
		6FBFF6111E3F724100502924 /* Sources */ = {
			isa = PBXSourcesBuildPhase;
			buildActionMask = 2147483647;
			files = (
				6FBFF6201E3F724100502924 /* ViewController.m in Sources */,
				6FBFF61D1E3F724100502924 /* AppDelegate.m in Sources */,
				6FBFF61A1E3F724100502924 /* main.m in Sources */,
			);
			runOnlyForDeploymentPostprocessing = 0;
		};
/* End PBXSourcesBuildPhase section */

/* Begin PBXVariantGroup section */
		6FBFF6211E3F724100502924 /* Main.storyboard */ = {
			isa = PBXVariantGroup;
			children = (
				6FBFF6221E3F724100502924 /* Base */,
			);
			name = Main.storyboard;
			sourceTree = "<group>";
		};
		6FBFF6261E3F724100502924 /* LaunchScreen.storyboard */ = {
			isa = PBXVariantGroup;
			children = (
				6FBFF6271E3F724100502924 /* Base */,
			);
			name = LaunchScreen.storyboard;
			sourceTree = "<group>";
		};
/* End PBXVariantGroup section */

/* Begin XCBuildConfiguration section */
		6FBFF62A1E3F724100502924 /* Debug */ = {
			isa = XCBuildConfiguration;
			buildSettings = {
				ALWAYS_SEARCH_USER_PATHS = NO;
				CLANG_ANALYZER_NONNULL = YES;
				CLANG_CXX_LANGUAGE_STANDARD = "gnu++0x";
				CLANG_CXX_LIBRARY = "libc++";
				CLANG_ENABLE_MODULES = YES;
				CLANG_ENABLE_OBJC_ARC = YES;
				CLANG_WARN_BOOL_CONVERSION = YES;
				CLANG_WARN_CONSTANT_CONVERSION = YES;
				CLANG_WARN_DIRECT_OBJC_ISA_USAGE = YES_ERROR;
				CLANG_WARN_DOCUMENTATION_COMMENTS = YES;
				CLANG_WARN_EMPTY_BODY = YES;
				CLANG_WARN_ENUM_CONVERSION = YES;
				CLANG_WARN_INFINITE_RECURSION = YES;
				CLANG_WARN_INT_CONVERSION = YES;
				CLANG_WARN_OBJC_ROOT_CLASS = YES_ERROR;
				CLANG_WARN_SUSPICIOUS_MOVE = YES;
				CLANG_WARN_UNREACHABLE_CODE = YES;
				CLANG_WARN__DUPLICATE_METHOD_MATCH = YES;
				"CODE_SIGN_IDENTITY[sdk=iphoneos*]" = "iPhone Developer";
				COPY_PHASE_STRIP = NO;
				DEBUG_INFORMATION_FORMAT = dwarf;
				ENABLE_STRICT_OBJC_MSGSEND = YES;
				ENABLE_TESTABILITY = YES;
				GCC_C_LANGUAGE_STANDARD = gnu99;
				GCC_DYNAMIC_NO_PIC = NO;
				GCC_NO_COMMON_BLOCKS = YES;
				GCC_OPTIMIZATION_LEVEL = 0;
				GCC_PREPROCESSOR_DEFINITIONS = (
					"DEBUG=1",
					"$(inherited)",
				);
				GCC_WARN_64_TO_32_BIT_CONVERSION = YES;
				GCC_WARN_ABOUT_RETURN_TYPE = YES_ERROR;
				GCC_WARN_UNDECLARED_SELECTOR = YES;
				GCC_WARN_UNINITIALIZED_AUTOS = YES_AGGRESSIVE;
				GCC_WARN_UNUSED_FUNCTION = YES;
				GCC_WARN_UNUSED_VARIABLE = YES;
				IPHONEOS_DEPLOYMENT_TARGET = 10.2;
				MTL_ENABLE_DEBUG_INFO = YES;
				ONLY_ACTIVE_ARCH = YES;
				SDKROOT = iphoneos;
			};
			name = Debug;
		};
		6FBFF62B1E3F724100502924 /* Release */ = {
			isa = XCBuildConfiguration;
			buildSettings = {
				ALWAYS_SEARCH_USER_PATHS = NO;
				CLANG_ANALYZER_NONNULL = YES;
				CLANG_CXX_LANGUAGE_STANDARD = "gnu++0x";
				CLANG_CXX_LIBRARY = "libc++";
				CLANG_ENABLE_MODULES = YES;
				CLANG_ENABLE_OBJC_ARC = YES;
				CLANG_WARN_BOOL_CONVERSION = YES;
				CLANG_WARN_CONSTANT_CONVERSION = YES;
				CLANG_WARN_DIRECT_OBJC_ISA_USAGE = YES_ERROR;
				CLANG_WARN_DOCUMENTATION_COMMENTS = YES;
				CLANG_WARN_EMPTY_BODY = YES;
				CLANG_WARN_ENUM_CONVERSION = YES;
				CLANG_WARN_INFINITE_RECURSION = YES;
				CLANG_WARN_INT_CONVERSION = YES;
				CLANG_WARN_OBJC_ROOT_CLASS = YES_ERROR;
				CLANG_WARN_SUSPICIOUS_MOVE = YES;
				CLANG_WARN_UNREACHABLE_CODE = YES;
				CLANG_WARN__DUPLICATE_METHOD_MATCH = YES;
				"CODE_SIGN_IDENTITY[sdk=iphoneos*]" = "iPhone Developer";
				COPY_PHASE_STRIP = NO;
				DEBUG_INFORMATION_FORMAT = "dwarf-with-dsym";
				ENABLE_NS_ASSERTIONS = NO;
				ENABLE_STRICT_OBJC_MSGSEND = YES;
				GCC_C_LANGUAGE_STANDARD = gnu99;
				GCC_NO_COMMON_BLOCKS = YES;
				GCC_WARN_64_TO_32_BIT_CONVERSION = YES;
				GCC_WARN_ABOUT_RETURN_TYPE = YES_ERROR;
				GCC_WARN_UNDECLARED_SELECTOR = YES;
				GCC_WARN_UNINITIALIZED_AUTOS = YES_AGGRESSIVE;
				GCC_WARN_UNUSED_FUNCTION = YES;
				GCC_WARN_UNUSED_VARIABLE = YES;
				IPHONEOS_DEPLOYMENT_TARGET = 10.2;
				MTL_ENABLE_DEBUG_INFO = NO;
				SDKROOT = iphoneos;
				VALIDATE_PRODUCT = YES;
			};
			name = Release;
		};
		6FBFF62D1E3F724100502924 /* Debug */ = {
			isa = XCBuildConfiguration;
			baseConfigurationReference = 5454825B904CD05DB1D2B870 /* Pods-IosClient.debug.xcconfig */;
			buildSettings = {
				ASSETCATALOG_COMPILER_APPICON_NAME = AppIcon;
				INFOPLIST_FILE = IosClient/Info.plist;
				LD_RUNPATH_SEARCH_PATHS = "$(inherited) @executable_path/Frameworks";
				PRODUCT_BUNDLE_IDENTIFIER = com.hys.develop.IosClient;
				PRODUCT_NAME = "$(TARGET_NAME)";
			};
			name = Debug;
		};
		6FBFF62E1E3F724100502924 /* Release */ = {
			isa = XCBuildConfiguration;
			baseConfigurationReference = B52F73AAA6FF0FF2C6D9B5DA /* Pods-IosClient.release.xcconfig */;
			buildSettings = {
				ASSETCATALOG_COMPILER_APPICON_NAME = AppIcon;
				INFOPLIST_FILE = IosClient/Info.plist;
				LD_RUNPATH_SEARCH_PATHS = "$(inherited) @executable_path/Frameworks";
				PRODUCT_BUNDLE_IDENTIFIER = com.hys.develop.IosClient;
				PRODUCT_NAME = "$(TARGET_NAME)";
			};
			name = Release;
		};
/* End XCBuildConfiguration section */

/* Begin XCConfigurationList section */
		6FBFF6101E3F724100502924 /* Build configuration list for PBXProject "IosClient" */ = {
			isa = XCConfigurationList;
			buildConfigurations = (
				6FBFF62A1E3F724100502924 /* Debug */,
				6FBFF62B1E3F724100502924 /* Release */,
			);
			defaultConfigurationIsVisible = 0;
			defaultConfigurationName = Release;
		};
		6FBFF62C1E3F724100502924 /* Build configuration list for PBXNativeTarget "IosClient" */ = {
			isa = XCConfigurationList;
			buildConfigurations = (
				6FBFF62D1E3F724100502924 /* Debug */,
				6FBFF62E1E3F724100502924 /* Release */,
			);
			defaultConfigurationIsVisible = 0;
		};
/* End XCConfigurationList section */
	};
	rootObject = 6FBFF60D1E3F724100502924 /* Project object */;
}
